
Microsoft Visual Studio Solution File, Format Version 12.00
# Visual Studio Version 16
VisualStudioVersion = 16.0.31702.278
MinimumVisualStudioVersion = 10.0.40219.1
Project("{9A19103F-16F7-4668-BE54-9A1E7A4F7556}") = "SmartApartment.API", "SmartApartment.API\SmartApartment.API.csproj", "{5D7F49A0-069C-4290-811B-08CC0BECF8C5}"
EndProject
Project("{2150E333-8FDC-42A3-9474-1A3956D46DE8}") = "src", "src", "{BA6A0520-6053-4340-94FE-BC4C52DCE9E5}"
EndProject
Project("{2150E333-8FDC-42A3-9474-1A3956D46DE8}") = "App", "App", "{1F6C4E3D-50BD-4654-937B-3FC905C66DA5}"
EndProject
Project("{2150E333-8FDC-42A3-9474-1A3956D46DE8}") = "Core", "Core", "{2E9429A4-8410-472D-9C81-E000BFB928AF}"
EndProject
Project("{2150E333-8FDC-42A3-9474-1A3956D46DE8}") = "Infrastructure", "Infrastructure", "{808D7346-FE23-429D-BA30-ACEDE7206292}"
EndProject
Project("{2150E333-8FDC-42A3-9474-1A3956D46DE8}") = "Test", "Test", "{320014E9-623A-407B-9039-1CE0AC9D6A54}"
EndProject
Project("{9A19103F-16F7-4668-BE54-9A1E7A4F7556}") = "SmartApartment.UnitTest", "SmartApartment.Test\SmartApartment.UnitTest.csproj", "{A625D471-06D7-43C6-9748-3DB56E105960}"
EndProject
Project("{9A19103F-16F7-4668-BE54-9A1E7A4F7556}") = "Implemetation", "Implemetations\Implemetation.csproj", "{4177F3B9-F9E7-46B7-BAA7-E25639B603F9}"
EndProject
Project("{2150E333-8FDC-42A3-9474-1A3956D46DE8}") = "WebApp", "WebApp", "{DF1A7783-F07C-48F8-BC38-BE609CBEC6B6}"
EndProject
Project("{2150E333-8FDC-42A3-9474-1A3956D46DE8}") = "API", "API", "{50536636-B85D-4E3A-B0D5-4A6BAEA70B46}"
EndProject
Project("{9A19103F-16F7-4668-BE54-9A1E7A4F7556}") = "Application", "Application\Application.csproj", "{23AACE4E-A48F-4FA8-A73C-8DA9B0A3D114}"
EndProject
Project("{9A19103F-16F7-4668-BE54-9A1E7A4F7556}") = "Domain", "Domain\Domain.csproj", "{6D3EAEAF-DDC3-4CAC-8596-6CDCD23F151B}"
EndProject
Project("{9A19103F-16F7-4668-BE54-9A1E7A4F7556}") = "WebAPP", "WebAPP\WebAPP.csproj", "{1460A0CB-67DC-40A9-B7F6-70A834327789}"
EndProject
Project("{FAE04EC0-301F-11D3-BF4B-00C04F79EFBC}") = "SmartApartments.IntegrationTest", "SmartApartments.IntegrationTest\SmartApartments.IntegrationTest.csproj", "{0AB9AB41-FB13-4928-8D83-6D3E85122442}"
EndProject
Global
	GlobalSection(SolutionConfigurationPlatforms) = preSolution
		Debug|Any CPU = Debug|Any CPU
		Release|Any CPU = Release|Any CPU
	EndGlobalSection
	GlobalSection(ProjectConfigurationPlatforms) = postSolution
		{5D7F49A0-069C-4290-811B-08CC0BECF8C5}.Debug|Any CPU.ActiveCfg = Debug|Any CPU
		{5D7F49A0-069C-4290-811B-08CC0BECF8C5}.Debug|Any CPU.Build.0 = Debug|Any CPU
		{5D7F49A0-069C-4290-811B-08CC0BECF8C5}.Release|Any CPU.ActiveCfg = Release|Any CPU
		{5D7F49A0-069C-4290-811B-08CC0BECF8C5}.Release|Any CPU.Build.0 = Release|Any CPU
		{A625D471-06D7-43C6-9748-3DB56E105960}.Debug|Any CPU.ActiveCfg = Debug|Any CPU
		{A625D471-06D7-43C6-9748-3DB56E105960}.Debug|Any CPU.Build.0 = Debug|Any CPU
		{A625D471-06D7-43C6-9748-3DB56E105960}.Release|Any CPU.ActiveCfg = Release|Any CPU
		{A625D471-06D7-43C6-9748-3DB56E105960}.Release|Any CPU.Build.0 = Release|Any CPU
		{4177F3B9-F9E7-46B7-BAA7-E25639B603F9}.Debug|Any CPU.ActiveCfg = Debug|Any CPU
		{4177F3B9-F9E7-46B7-BAA7-E25639B603F9}.Debug|Any CPU.Build.0 = Debug|Any CPU
		{4177F3B9-F9E7-46B7-BAA7-E25639B603F9}.Release|Any CPU.ActiveCfg = Release|Any CPU
		{4177F3B9-F9E7-46B7-BAA7-E25639B603F9}.Release|Any CPU.Build.0 = Release|Any CPU
		{23AACE4E-A48F-4FA8-A73C-8DA9B0A3D114}.Debug|Any CPU.ActiveCfg = Debug|Any CPU
		{23AACE4E-A48F-4FA8-A73C-8DA9B0A3D114}.Debug|Any CPU.Build.0 = Debug|Any CPU
		{23AACE4E-A48F-4FA8-A73C-8DA9B0A3D114}.Release|Any CPU.ActiveCfg = Release|Any CPU
		{23AACE4E-A48F-4FA8-A73C-8DA9B0A3D114}.Release|Any CPU.Build.0 = Release|Any CPU
		{6D3EAEAF-DDC3-4CAC-8596-6CDCD23F151B}.Debug|Any CPU.ActiveCfg = Debug|Any CPU
		{6D3EAEAF-DDC3-4CAC-8596-6CDCD23F151B}.Debug|Any CPU.Build.0 = Debug|Any CPU
		{6D3EAEAF-DDC3-4CAC-8596-6CDCD23F151B}.Release|Any CPU.ActiveCfg = Release|Any CPU
		{6D3EAEAF-DDC3-4CAC-8596-6CDCD23F151B}.Release|Any CPU.Build.0 = Release|Any CPU
		{1460A0CB-67DC-40A9-B7F6-70A834327789}.Debug|Any CPU.ActiveCfg = Debug|Any CPU
		{1460A0CB-67DC-40A9-B7F6-70A834327789}.Debug|Any CPU.Build.0 = Debug|Any CPU
		{1460A0CB-67DC-40A9-B7F6-70A834327789}.Release|Any CPU.ActiveCfg = Release|Any CPU
		{1460A0CB-67DC-40A9-B7F6-70A834327789}.Release|Any CPU.Build.0 = Release|Any CPU
		{0AB9AB41-FB13-4928-8D83-6D3E85122442}.Debug|Any CPU.ActiveCfg = Debug|Any CPU
		{0AB9AB41-FB13-4928-8D83-6D3E85122442}.Debug|Any CPU.Build.0 = Debug|Any CPU
		{0AB9AB41-FB13-4928-8D83-6D3E85122442}.Release|Any CPU.ActiveCfg = Release|Any CPU
		{0AB9AB41-FB13-4928-8D83-6D3E85122442}.Release|Any CPU.Build.0 = Release|Any CPU
	EndGlobalSection
	GlobalSection(SolutionProperties) = preSolution
		HideSolutionNode = FALSE
	EndGlobalSection
	GlobalSection(NestedProjects) = preSolution
		{5D7F49A0-069C-4290-811B-08CC0BECF8C5} = {1F6C4E3D-50BD-4654-937B-3FC905C66DA5}
		{1F6C4E3D-50BD-4654-937B-3FC905C66DA5} = {50536636-B85D-4E3A-B0D5-4A6BAEA70B46}
		{2E9429A4-8410-472D-9C81-E000BFB928AF} = {50536636-B85D-4E3A-B0D5-4A6BAEA70B46}
		{808D7346-FE23-429D-BA30-ACEDE7206292} = {50536636-B85D-4E3A-B0D5-4A6BAEA70B46}
		{A625D471-06D7-43C6-9748-3DB56E105960} = {320014E9-623A-407B-9039-1CE0AC9D6A54}
		{4177F3B9-F9E7-46B7-BAA7-E25639B603F9} = {808D7346-FE23-429D-BA30-ACEDE7206292}
		{DF1A7783-F07C-48F8-BC38-BE609CBEC6B6} = {BA6A0520-6053-4340-94FE-BC4C52DCE9E5}
		{50536636-B85D-4E3A-B0D5-4A6BAEA70B46} = {BA6A0520-6053-4340-94FE-BC4C52DCE9E5}
		{23AACE4E-A48F-4FA8-A73C-8DA9B0A3D114} = {2E9429A4-8410-472D-9C81-E000BFB928AF}
		{6D3EAEAF-DDC3-4CAC-8596-6CDCD23F151B} = {2E9429A4-8410-472D-9C81-E000BFB928AF}
		{1460A0CB-67DC-40A9-B7F6-70A834327789} = {DF1A7783-F07C-48F8-BC38-BE609CBEC6B6}
		{0AB9AB41-FB13-4928-8D83-6D3E85122442} = {320014E9-623A-407B-9039-1CE0AC9D6A54}
	EndGlobalSection
	GlobalSection(ExtensibilityGlobals) = postSolution
		SolutionGuid = {E305C01E-5E99-4888-9079-66BF7960D86E}
	EndGlobalSection
EndGlobal
